// !$*UTF8*$!
{
	archiveVersion = 1;
	classes = {
	};
	objectVersion = 56;
	objects = {

/* Begin PBXBuildFile section */
		B2F7E64128D72FC000C4C1B8 /* AfricaAppApp.swift in Sources */ = {isa = PBXBuildFile; fileRef = B2F7E64028D72FC000C4C1B8 /* AfricaAppApp.swift */; };
		B2F7E64328D72FC000C4C1B8 /* ContentView.swift in Sources */ = {isa = PBXBuildFile; fileRef = B2F7E64228D72FC000C4C1B8 /* ContentView.swift */; };
		B2F7E64528D72FC100C4C1B8 /* Assets.xcassets in Resources */ = {isa = PBXBuildFile; fileRef = B2F7E64428D72FC100C4C1B8 /* Assets.xcassets */; };
		B2F7E64828D72FC100C4C1B8 /* Preview Assets.xcassets in Resources */ = {isa = PBXBuildFile; fileRef = B2F7E64728D72FC100C4C1B8 /* Preview Assets.xcassets */; };
		B2F7E66328D7400300C4C1B8 /* VideoListView.swift in Sources */ = {isa = PBXBuildFile; fileRef = B2F7E66228D7400300C4C1B8 /* VideoListView.swift */; };
		B2F7E66528D7401D00C4C1B8 /* MapView.swift in Sources */ = {isa = PBXBuildFile; fileRef = B2F7E66428D7401D00C4C1B8 /* MapView.swift */; };
		B2F7E66928D7406100C4C1B8 /* GalleryView.swift in Sources */ = {isa = PBXBuildFile; fileRef = B2F7E66828D7406100C4C1B8 /* GalleryView.swift */; };
		B2F7E66B28D7407800C4C1B8 /* MainView.swift in Sources */ = {isa = PBXBuildFile; fileRef = B2F7E66A28D7407800C4C1B8 /* MainView.swift */; };
		B2F7E68728D74E7900C4C1B8 /* CoverImageView.swift in Sources */ = {isa = PBXBuildFile; fileRef = B2F7E68628D74E7900C4C1B8 /* CoverImageView.swift */; };
		B2F7E68928D74EB800C4C1B8 /* CoverImageModel.swift in Sources */ = {isa = PBXBuildFile; fileRef = B2F7E68828D74EB800C4C1B8 /* CoverImageModel.swift */; };
		B2F7E68C28D74F6B00C4C1B8 /* CodableBundleExtension.swift in Sources */ = {isa = PBXBuildFile; fileRef = B2F7E68B28D74F6B00C4C1B8 /* CodableBundleExtension.swift */; };
		B2F7E68D28D752A900C4C1B8 /* animals.json in Resources */ = {isa = PBXBuildFile; fileRef = B2F7E65C28D73D4B00C4C1B8 /* animals.json */; };
		B2F7E68E28D752A900C4C1B8 /* locations.json in Resources */ = {isa = PBXBuildFile; fileRef = B2F7E65B28D73D4B00C4C1B8 /* locations.json */; };
		B2F7E68F28D752A900C4C1B8 /* videos.json in Resources */ = {isa = PBXBuildFile; fileRef = B2F7E65E28D73D4B00C4C1B8 /* videos.json */; };
		B2F7E69028D752A900C4C1B8 /* covers.json in Resources */ = {isa = PBXBuildFile; fileRef = B2F7E65D28D73D4B00C4C1B8 /* covers.json */; };
/* End PBXBuildFile section */

/* Begin PBXFileReference section */
		B2F7E63D28D72FC000C4C1B8 /* AfricaApp.app */ = {isa = PBXFileReference; explicitFileType = wrapper.application; includeInIndex = 0; path = AfricaApp.app; sourceTree = BUILT_PRODUCTS_DIR; };
		B2F7E64028D72FC000C4C1B8 /* AfricaAppApp.swift */ = {isa = PBXFileReference; lastKnownFileType = sourcecode.swift; path = AfricaAppApp.swift; sourceTree = "<group>"; };
		B2F7E64228D72FC000C4C1B8 /* ContentView.swift */ = {isa = PBXFileReference; lastKnownFileType = sourcecode.swift; path = ContentView.swift; sourceTree = "<group>"; };
		B2F7E64428D72FC100C4C1B8 /* Assets.xcassets */ = {isa = PBXFileReference; lastKnownFileType = folder.assetcatalog; path = Assets.xcassets; sourceTree = "<group>"; };
		B2F7E64728D72FC100C4C1B8 /* Preview Assets.xcassets */ = {isa = PBXFileReference; lastKnownFileType = folder.assetcatalog; path = "Preview Assets.xcassets"; sourceTree = "<group>"; };
		B2F7E64F28D73CDB00C4C1B8 /* rhino.mp4 */ = {isa = PBXFileReference; lastKnownFileType = file; path = rhino.mp4; sourceTree = "<group>"; };
		B2F7E65028D73CDC00C4C1B8 /* giraffe.mp4 */ = {isa = PBXFileReference; lastKnownFileType = file; path = giraffe.mp4; sourceTree = "<group>"; };
		B2F7E65128D73CDC00C4C1B8 /* hippo.mp4 */ = {isa = PBXFileReference; lastKnownFileType = file; path = hippo.mp4; sourceTree = "<group>"; };
		B2F7E65228D73CDD00C4C1B8 /* zebra.mp4 */ = {isa = PBXFileReference; lastKnownFileType = file; path = zebra.mp4; sourceTree = "<group>"; };
		B2F7E65328D73CDE00C4C1B8 /* elephant.mp4 */ = {isa = PBXFileReference; lastKnownFileType = file; path = elephant.mp4; sourceTree = "<group>"; };
		B2F7E65428D73CDE00C4C1B8 /* cheetah.mp4 */ = {isa = PBXFileReference; lastKnownFileType = file; path = cheetah.mp4; sourceTree = "<group>"; };
		B2F7E65528D73CDF00C4C1B8 /* lion.mp4 */ = {isa = PBXFileReference; lastKnownFileType = file; path = lion.mp4; sourceTree = "<group>"; };
		B2F7E65628D73CDF00C4C1B8 /* gorilla.mp4 */ = {isa = PBXFileReference; lastKnownFileType = file; path = gorilla.mp4; sourceTree = "<group>"; };
		B2F7E65728D73CE000C4C1B8 /* lioness.mp4 */ = {isa = PBXFileReference; lastKnownFileType = file; path = lioness.mp4; sourceTree = "<group>"; };
		B2F7E65828D73CE100C4C1B8 /* ostrich.mp4 */ = {isa = PBXFileReference; lastKnownFileType = file; path = ostrich.mp4; sourceTree = "<group>"; };
		B2F7E65B28D73D4B00C4C1B8 /* locations.json */ = {isa = PBXFileReference; lastKnownFileType = text.json; path = locations.json; sourceTree = "<group>"; };
		B2F7E65C28D73D4B00C4C1B8 /* animals.json */ = {isa = PBXFileReference; lastKnownFileType = text.json; path = animals.json; sourceTree = "<group>"; };
		B2F7E65D28D73D4B00C4C1B8 /* covers.json */ = {isa = PBXFileReference; lastKnownFileType = text.json; path = covers.json; sourceTree = "<group>"; };
		B2F7E65E28D73D4B00C4C1B8 /* videos.json */ = {isa = PBXFileReference; lastKnownFileType = text.json; path = videos.json; sourceTree = "<group>"; };
		B2F7E66028D73E3B00C4C1B8 /* Info.plist */ = {isa = PBXFileReference; lastKnownFileType = text.plist; path = Info.plist; sourceTree = "<group>"; };
		B2F7E66228D7400300C4C1B8 /* VideoListView.swift */ = {isa = PBXFileReference; lastKnownFileType = sourcecode.swift; path = VideoListView.swift; sourceTree = "<group>"; };
		B2F7E66428D7401D00C4C1B8 /* MapView.swift */ = {isa = PBXFileReference; lastKnownFileType = sourcecode.swift; path = MapView.swift; sourceTree = "<group>"; };
		B2F7E66828D7406100C4C1B8 /* GalleryView.swift */ = {isa = PBXFileReference; lastKnownFileType = sourcecode.swift; path = GalleryView.swift; sourceTree = "<group>"; };
		B2F7E66A28D7407800C4C1B8 /* MainView.swift */ = {isa = PBXFileReference; lastKnownFileType = sourcecode.swift; path = MainView.swift; sourceTree = "<group>"; };
		B2F7E68628D74E7900C4C1B8 /* CoverImageView.swift */ = {isa = PBXFileReference; lastKnownFileType = sourcecode.swift; path = CoverImageView.swift; sourceTree = "<group>"; };
		B2F7E68828D74EB800C4C1B8 /* CoverImageModel.swift */ = {isa = PBXFileReference; lastKnownFileType = sourcecode.swift; path = CoverImageModel.swift; sourceTree = "<group>"; };
		B2F7E68B28D74F6B00C4C1B8 /* CodableBundleExtension.swift */ = {isa = PBXFileReference; lastKnownFileType = sourcecode.swift; path = CodableBundleExtension.swift; sourceTree = "<group>"; };
/* End PBXFileReference section */

/* Begin PBXFrameworksBuildPhase section */
		B2F7E63A28D72FC000C4C1B8 /* Frameworks */ = {
			isa = PBXFrameworksBuildPhase;
			buildActionMask = 2147483647;
			files = (
			);
			runOnlyForDeploymentPostprocessing = 0;
		};
/* End PBXFrameworksBuildPhase section */

/* Begin PBXGroup section */
		B2F7E63428D72FC000C4C1B8 = {
			isa = PBXGroup;
			children = (
				B2F7E63F28D72FC000C4C1B8 /* AfricaApp */,
				B2F7E63E28D72FC000C4C1B8 /* Products */,
			);
			sourceTree = "<group>";
		};
		B2F7E63E28D72FC000C4C1B8 /* Products */ = {
			isa = PBXGroup;
			children = (
				B2F7E63D28D72FC000C4C1B8 /* AfricaApp.app */,
			);
			name = Products;
			sourceTree = "<group>";
		};
		B2F7E63F28D72FC000C4C1B8 /* AfricaApp */ = {
			isa = PBXGroup;
			children = (
				B2F7E68A28D74F5100C4C1B8 /* Extension */,
				B2F7E68528D74E6500C4C1B8 /* View */,
				B2F7E68428D74E5C00C4C1B8 /* Model */,
				B2F7E66028D73E3B00C4C1B8 /* Info.plist */,
				B2F7E65A28D73CFA00C4C1B8 /* Video */,
				B2F7E66128D73FC800C4C1B8 /* App */,
				B2F7E64428D72FC100C4C1B8 /* Assets.xcassets */,
				B2F7E65F28D73D6000C4C1B8 /* Data */,
				B2F7E64628D72FC100C4C1B8 /* Preview Content */,
			);
			path = AfricaApp;
			sourceTree = "<group>";
		};
		B2F7E64628D72FC100C4C1B8 /* Preview Content */ = {
			isa = PBXGroup;
			children = (
				B2F7E64728D72FC100C4C1B8 /* Preview Assets.xcassets */,
			);
			path = "Preview Content";
			sourceTree = "<group>";
		};
		B2F7E65A28D73CFA00C4C1B8 /* Video */ = {
			isa = PBXGroup;
			children = (
				B2F7E65428D73CDE00C4C1B8 /* cheetah.mp4 */,
				B2F7E65328D73CDE00C4C1B8 /* elephant.mp4 */,
				B2F7E65028D73CDC00C4C1B8 /* giraffe.mp4 */,
				B2F7E65628D73CDF00C4C1B8 /* gorilla.mp4 */,
				B2F7E65128D73CDC00C4C1B8 /* hippo.mp4 */,
				B2F7E65528D73CDF00C4C1B8 /* lion.mp4 */,
				B2F7E65728D73CE000C4C1B8 /* lioness.mp4 */,
				B2F7E65828D73CE100C4C1B8 /* ostrich.mp4 */,
				B2F7E64F28D73CDB00C4C1B8 /* rhino.mp4 */,
				B2F7E65228D73CDD00C4C1B8 /* zebra.mp4 */,
			);
			path = Video;
			sourceTree = "<group>";
		};
		B2F7E65F28D73D6000C4C1B8 /* Data */ = {
			isa = PBXGroup;
			children = (
				B2F7E65C28D73D4B00C4C1B8 /* animals.json */,
				B2F7E65D28D73D4B00C4C1B8 /* covers.json */,
				B2F7E65B28D73D4B00C4C1B8 /* locations.json */,
				B2F7E65E28D73D4B00C4C1B8 /* videos.json */,
			);
			path = Data;
			sourceTree = "<group>";
		};
		B2F7E66128D73FC800C4C1B8 /* App */ = {
			isa = PBXGroup;
			children = (
				B2F7E64028D72FC000C4C1B8 /* AfricaAppApp.swift */,
				B2F7E64228D72FC000C4C1B8 /* ContentView.swift */,
				B2F7E66228D7400300C4C1B8 /* VideoListView.swift */,
				B2F7E66428D7401D00C4C1B8 /* MapView.swift */,
				B2F7E66828D7406100C4C1B8 /* GalleryView.swift */,
				B2F7E66A28D7407800C4C1B8 /* MainView.swift */,
			);
			path = App;
			sourceTree = "<group>";
		};
		B2F7E68428D74E5C00C4C1B8 /* Model */ = {
			isa = PBXGroup;
			children = (
				B2F7E68828D74EB800C4C1B8 /* CoverImageModel.swift */,
			);
			path = Model;
			sourceTree = "<group>";
		};
		B2F7E68528D74E6500C4C1B8 /* View */ = {
			isa = PBXGroup;
			children = (
				B2F7E68628D74E7900C4C1B8 /* CoverImageView.swift */,
			);
			path = View;
			sourceTree = "<group>";
		};
		B2F7E68A28D74F5100C4C1B8 /* Extension */ = {
			isa = PBXGroup;
			children = (
				B2F7E68B28D74F6B00C4C1B8 /* CodableBundleExtension.swift */,
			);
			path = Extension;
			sourceTree = "<group>";
		};
/* End PBXGroup section */

/* Begin PBXNativeTarget section */
		B2F7E63C28D72FC000C4C1B8 /* AfricaApp */ = {
			isa = PBXNativeTarget;
			buildConfigurationList = B2F7E64B28D72FC100C4C1B8 /* Build configuration list for PBXNativeTarget "AfricaApp" */;
			buildPhases = (
				B2F7E63928D72FC000C4C1B8 /* Sources */,
				B2F7E63A28D72FC000C4C1B8 /* Frameworks */,
				B2F7E63B28D72FC000C4C1B8 /* Resources */,
			);
			buildRules = (
			);
			dependencies = (
			);
			name = AfricaApp;
			productName = AfricaApp;
			productReference = B2F7E63D28D72FC000C4C1B8 /* AfricaApp.app */;
			productType = "com.apple.product-type.application";
		};
/* End PBXNativeTarget section */

/* Begin PBXProject section */
		B2F7E63528D72FC000C4C1B8 /* Project object */ = {
			isa = PBXProject;
			attributes = {
				BuildIndependentTargetsInParallel = 1;
				LastSwiftUpdateCheck = 1400;
				LastUpgradeCheck = 1400;
				TargetAttributes = {
					B2F7E63C28D72FC000C4C1B8 = {
						CreatedOnToolsVersion = 14.0;
					};
				};
			};
			buildConfigurationList = B2F7E63828D72FC000C4C1B8 /* Build configuration list for PBXProject "AfricaApp" */;
			compatibilityVersion = "Xcode 14.0";
			developmentRegion = en;
			hasScannedForEncodings = 0;
			knownRegions = (
				en,
				Base,
			);
			mainGroup = B2F7E63428D72FC000C4C1B8;
			productRefGroup = B2F7E63E28D72FC000C4C1B8 /* Products */;
			projectDirPath = "";
			projectRoot = "";
			targets = (
				B2F7E63C28D72FC000C4C1B8 /* AfricaApp */,
			);
		};
/* End PBXProject section */

/* Begin PBXResourcesBuildPhase section */
		B2F7E63B28D72FC000C4C1B8 /* Resources */ = {
			isa = PBXResourcesBuildPhase;
			buildActionMask = 2147483647;
			files = (
				B2F7E68D28D752A900C4C1B8 /* animals.json in Resources */,
				B2F7E69028D752A900C4C1B8 /* covers.json in Resources */,
				B2F7E64828D72FC100C4C1B8 /* Preview Assets.xcassets in Resources */,
				B2F7E68F28D752A900C4C1B8 /* videos.json in Resources */,
				B2F7E68E28D752A900C4C1B8 /* locations.json in Resources */,
				B2F7E64528D72FC100C4C1B8 /* Assets.xcassets in Resources */,
			);
			runOnlyForDeploymentPostprocessing = 0;
		};
/* End PBXResourcesBuildPhase section */

/* Begin PBXSourcesBuildPhase section */
		B2F7E63928D72FC000C4C1B8 /* Sources */ = {
			isa = PBXSourcesBuildPhase;
			buildActionMask = 2147483647;
			files = (
				B2F7E64328D72FC000C4C1B8 /* ContentView.swift in Sources */,
				B2F7E66B28D7407800C4C1B8 /* MainView.swift in Sources */,
				B2F7E68728D74E7900C4C1B8 /* CoverImageView.swift in Sources */,
				B2F7E68928D74EB800C4C1B8 /* CoverImageModel.swift in Sources */,
				B2F7E66528D7401D00C4C1B8 /* MapView.swift in Sources */,
				B2F7E64128D72FC000C4C1B8 /* AfricaAppApp.swift in Sources */,
				B2F7E66328D7400300C4C1B8 /* VideoListView.swift in Sources */,
				B2F7E66928D7406100C4C1B8 /* GalleryView.swift in Sources */,
				B2F7E68C28D74F6B00C4C1B8 /* CodableBundleExtension.swift in Sources */,
			);
			runOnlyForDeploymentPostprocessing = 0;
		};
/* End PBXSourcesBuildPhase section */

/* Begin XCBuildConfiguration section */
		B2F7E64928D72FC100C4C1B8 /* Debug */ = {
			isa = XCBuildConfiguration;
			buildSettings = {
				ALWAYS_SEARCH_USER_PATHS = NO;
				CLANG_ANALYZER_NONNULL = YES;
				CLANG_ANALYZER_NUMBER_OBJECT_CONVERSION = YES_AGGRESSIVE;
				CLANG_CXX_LANGUAGE_STANDARD = "gnu++20";
				CLANG_ENABLE_MODULES = YES;
				CLANG_ENABLE_OBJC_ARC = YES;
				CLANG_ENABLE_OBJC_WEAK = YES;
				CLANG_WARN_BLOCK_CAPTURE_AUTORELEASING = YES;
				CLANG_WARN_BOOL_CONVERSION = YES;
				CLANG_WARN_COMMA = YES;
				CLANG_WARN_CONSTANT_CONVERSION = YES;
				CLANG_WARN_DEPRECATED_OBJC_IMPLEMENTATIONS = YES;
				CLANG_WARN_DIRECT_OBJC_ISA_USAGE = YES_ERROR;
				CLANG_WARN_DOCUMENTATION_COMMENTS = YES;
				CLANG_WARN_EMPTY_BODY = YES;
				CLANG_WARN_ENUM_CONVERSION = YES;
				CLANG_WARN_INFINITE_RECURSION = YES;
				CLANG_WARN_INT_CONVERSION = YES;
				CLANG_WARN_NON_LITERAL_NULL_CONVERSION = YES;
				CLANG_WARN_OBJC_IMPLICIT_RETAIN_SELF = YES;
				CLANG_WARN_OBJC_LITERAL_CONVERSION = YES;
				CLANG_WARN_OBJC_ROOT_CLASS = YES_ERROR;
				CLANG_WARN_QUOTED_INCLUDE_IN_FRAMEWORK_HEADER = YES;
				CLANG_WARN_RANGE_LOOP_ANALYSIS = YES;
				CLANG_WARN_STRICT_PROTOTYPES = YES;
				CLANG_WARN_SUSPICIOUS_MOVE = YES;
				CLANG_WARN_UNGUARDED_AVAILABILITY = YES_AGGRESSIVE;
				CLANG_WARN_UNREACHABLE_CODE = YES;
				CLANG_WARN__DUPLICATE_METHOD_MATCH = YES;
				COPY_PHASE_STRIP = NO;
				DEBUG_INFORMATION_FORMAT = dwarf;
				ENABLE_STRICT_OBJC_MSGSEND = YES;
				ENABLE_TESTABILITY = YES;
				GCC_C_LANGUAGE_STANDARD = gnu11;
				GCC_DYNAMIC_NO_PIC = NO;
				GCC_NO_COMMON_BLOCKS = YES;
				GCC_OPTIMIZATION_LEVEL = 0;
				GCC_PREPROCESSOR_DEFINITIONS = (
					"DEBUG=1",
					"$(inherited)",
				);
				GCC_WARN_64_TO_32_BIT_CONVERSION = YES;
				GCC_WARN_ABOUT_RETURN_TYPE = YES_ERROR;
				GCC_WARN_UNDECLARED_SELECTOR = YES;
				GCC_WARN_UNINITIALIZED_AUTOS = YES_AGGRESSIVE;
				GCC_WARN_UNUSED_FUNCTION = YES;
				GCC_WARN_UNUSED_VARIABLE = YES;
				IPHONEOS_DEPLOYMENT_TARGET = 16.0;
				MTL_ENABLE_DEBUG_INFO = INCLUDE_SOURCE;
				MTL_FAST_MATH = YES;
				ONLY_ACTIVE_ARCH = YES;
				SDKROOT = iphoneos;
				SWIFT_ACTIVE_COMPILATION_CONDITIONS = DEBUG;
				SWIFT_OPTIMIZATION_LEVEL = "-Onone";
			};
			name = Debug;
		};
		B2F7E64A28D72FC100C4C1B8 /* Release */ = {
			isa = XCBuildConfiguration;
			buildSettings = {
				ALWAYS_SEARCH_USER_PATHS = NO;
				CLANG_ANALYZER_NONNULL = YES;
				CLANG_ANALYZER_NUMBER_OBJECT_CONVERSION = YES_AGGRESSIVE;
				CLANG_CXX_LANGUAGE_STANDARD = "gnu++20";
				CLANG_ENABLE_MODULES = YES;
				CLANG_ENABLE_OBJC_ARC = YES;
				CLANG_ENABLE_OBJC_WEAK = YES;
				CLANG_WARN_BLOCK_CAPTURE_AUTORELEASING = YES;
				CLANG_WARN_BOOL_CONVERSION = YES;
				CLANG_WARN_COMMA = YES;
				CLANG_WARN_CONSTANT_CONVERSION = YES;
				CLANG_WARN_DEPRECATED_OBJC_IMPLEMENTATIONS = YES;
				CLANG_WARN_DIRECT_OBJC_ISA_USAGE = YES_ERROR;
				CLANG_WARN_DOCUMENTATION_COMMENTS = YES;
				CLANG_WARN_EMPTY_BODY = YES;
				CLANG_WARN_ENUM_CONVERSION = YES;
				CLANG_WARN_INFINITE_RECURSION = YES;
				CLANG_WARN_INT_CONVERSION = YES;
				CLANG_WARN_NON_LITERAL_NULL_CONVERSION = YES;
				CLANG_WARN_OBJC_IMPLICIT_RETAIN_SELF = YES;
				CLANG_WARN_OBJC_LITERAL_CONVERSION = YES;
				CLANG_WARN_OBJC_ROOT_CLASS = YES_ERROR;
				CLANG_WARN_QUOTED_INCLUDE_IN_FRAMEWORK_HEADER = YES;
				CLANG_WARN_RANGE_LOOP_ANALYSIS = YES;
				CLANG_WARN_STRICT_PROTOTYPES = YES;
				CLANG_WARN_SUSPICIOUS_MOVE = YES;
				CLANG_WARN_UNGUARDED_AVAILABILITY = YES_AGGRESSIVE;
				CLANG_WARN_UNREACHABLE_CODE = YES;
				CLANG_WARN__DUPLICATE_METHOD_MATCH = YES;
				COPY_PHASE_STRIP = NO;
				DEBUG_INFORMATION_FORMAT = "dwarf-with-dsym";
				ENABLE_NS_ASSERTIONS = NO;
				ENABLE_STRICT_OBJC_MSGSEND = YES;
				GCC_C_LANGUAGE_STANDARD = gnu11;
				GCC_NO_COMMON_BLOCKS = YES;
				GCC_WARN_64_TO_32_BIT_CONVERSION = YES;
				GCC_WARN_ABOUT_RETURN_TYPE = YES_ERROR;
				GCC_WARN_UNDECLARED_SELECTOR = YES;
				GCC_WARN_UNINITIALIZED_AUTOS = YES_AGGRESSIVE;
				GCC_WARN_UNUSED_FUNCTION = YES;
				GCC_WARN_UNUSED_VARIABLE = YES;
				IPHONEOS_DEPLOYMENT_TARGET = 16.0;
				MTL_ENABLE_DEBUG_INFO = NO;
				MTL_FAST_MATH = YES;
				SDKROOT = iphoneos;
				SWIFT_COMPILATION_MODE = wholemodule;
				SWIFT_OPTIMIZATION_LEVEL = "-O";
				VALIDATE_PRODUCT = YES;
			};
			name = Release;
		};
		B2F7E64C28D72FC100C4C1B8 /* Debug */ = {
			isa = XCBuildConfiguration;
			buildSettings = {
				ASSETCATALOG_COMPILER_APPICON_NAME = AppIcon;
				ASSETCATALOG_COMPILER_GLOBAL_ACCENT_COLOR_NAME = AccentColor;
				CODE_SIGN_STYLE = Automatic;
				CURRENT_PROJECT_VERSION = 1;
				DEVELOPMENT_ASSET_PATHS = "\"AfricaApp/Preview Content\"";
				ENABLE_PREVIEWS = YES;
				GENERATE_INFOPLIST_FILE = YES;
				INFOPLIST_FILE = AfricaApp/Info.plist;
				INFOPLIST_KEY_UIApplicationSceneManifest_Generation = YES;
				INFOPLIST_KEY_UIApplicationSupportsIndirectInputEvents = YES;
				INFOPLIST_KEY_UISupportedInterfaceOrientations_iPad = "UIInterfaceOrientationPortrait UIInterfaceOrientationPortraitUpsideDown UIInterfaceOrientationLandscapeLeft UIInterfaceOrientationLandscapeRight";
				INFOPLIST_KEY_UISupportedInterfaceOrientations_iPhone = "UIInterfaceOrientationPortrait UIInterfaceOrientationLandscapeLeft UIInterfaceOrientationLandscapeRight";
				INFOPLIST_KEY_UIUserInterfaceStyle = Dark;
				LD_RUNPATH_SEARCH_PATHS = (
					"$(inherited)",
					"@executable_path/Frameworks",
				);
				MARKETING_VERSION = 1.0;
				PRODUCT_BUNDLE_IDENTIFIER = com.thoughtworks.AfricaApp;
				PRODUCT_NAME = "$(TARGET_NAME)";
				SWIFT_EMIT_LOC_STRINGS = YES;
				SWIFT_VERSION = 5.0;
				TARGETED_DEVICE_FAMILY = "1,2";
			};
			name = Debug;
		};
		B2F7E64D28D72FC100C4C1B8 /* Release */ = {
			isa = XCBuildConfiguration;
			buildSettings = {
				ASSETCATALOG_COMPILER_APPICON_NAME = AppIcon;
				ASSETCATALOG_COMPILER_GLOBAL_ACCENT_COLOR_NAME = AccentColor;
				CODE_SIGN_STYLE = Automatic;
				CURRENT_PROJECT_VERSION = 1;
				DEVELOPMENT_ASSET_PATHS = "\"AfricaApp/Preview Content\"";
				ENABLE_PREVIEWS = YES;
				GENERATE_INFOPLIST_FILE = YES;
				INFOPLIST_FILE = AfricaApp/Info.plist;
				INFOPLIST_KEY_UIApplicationSceneManifest_Generation = YES;
				INFOPLIST_KEY_UIApplicationSupportsIndirectInputEvents = YES;
				INFOPLIST_KEY_UISupportedInterfaceOrientations_iPad = "UIInterfaceOrientationPortrait UIInterfaceOrientationPortraitUpsideDown UIInterfaceOrientationLandscapeLeft UIInterfaceOrientationLandscapeRight";
				INFOPLIST_KEY_UISupportedInterfaceOrientations_iPhone = "UIInterfaceOrientationPortrait UIInterfaceOrientationLandscapeLeft UIInterfaceOrientationLandscapeRight";
				INFOPLIST_KEY_UIUserInterfaceStyle = Dark;
				LD_RUNPATH_SEARCH_PATHS = (
					"$(inherited)",
					"@executable_path/Frameworks",
				);
				MARKETING_VERSION = 1.0;
				PRODUCT_BUNDLE_IDENTIFIER = com.thoughtworks.AfricaApp;
				PRODUCT_NAME = "$(TARGET_NAME)";
				SWIFT_EMIT_LOC_STRINGS = YES;
				SWIFT_VERSION = 5.0;
				TARGETED_DEVICE_FAMILY = "1,2";
			};
			name = Release;
		};
/* End XCBuildConfiguration section */

/* Begin XCConfigurationList section */
		B2F7E63828D72FC000C4C1B8 /* Build configuration list for PBXProject "AfricaApp" */ = {
			isa = XCConfigurationList;
			buildConfigurations = (
				B2F7E64928D72FC100C4C1B8 /* Debug */,
				B2F7E64A28D72FC100C4C1B8 /* Release */,
			);
			defaultConfigurationIsVisible = 0;
			defaultConfigurationName = Release;
		};
		B2F7E64B28D72FC100C4C1B8 /* Build configuration list for PBXNativeTarget "AfricaApp" */ = {
			isa = XCConfigurationList;
			buildConfigurations = (
				B2F7E64C28D72FC100C4C1B8 /* Debug */,
				B2F7E64D28D72FC100C4C1B8 /* Release */,
			);
			defaultConfigurationIsVisible = 0;
			defaultConfigurationName = Release;
		};
/* End XCConfigurationList section */
	};
	rootObject = B2F7E63528D72FC000C4C1B8 /* Project object */;
}
